<Solution>
  <Project Path="Assembly-CSharp.csproj" />
  <Project Path="SingularityGroup.HotReload.Editor.csproj" />
  <Project Path="LeanCommon.csproj" />
  <Project Path="Assembly-CSharp-Editor.csproj" />
  <Project Path="LeanTouchPlus.csproj" />
  <Project Path="LeanCommonPlus.csproj" />
  <Project Path="SingularityGroup.HotReload.Runtime.csproj" />
  <Project Path="LeanTouch.csproj" />
  <Project Path="Unity.RenderPipelines.Core.Samples.Runtime.csproj" />
  <Project Path="Hierarchy2.Editor.csproj" />
  <Project Path="CW.Common.csproj" />
  <Project Path="Assembly-CSharp-firstpass.csproj" />
  <Project Path="SingularityGroup.HotReload.Runtime.Public.csproj" />
  <Project Path="CityGen3D.ShaderPackager.Editor.csproj" />
  <Project Path="Hierarchy2.Runtime.csproj" />
  <Project Path="Plugins.Baedrick.ColoredHeaderCreator.Editor.csproj" />
  <Project Path="Unity.RenderPipelines.HighDefinition.Samples.Common.Runtime.csproj" />
  <Project Path="Unity.RenderPipelines.Core.Samples.Editor.csproj" />
  <Project Path="Assembly-CSharp-Editor-firstpass.csproj" />
  <Project Path="Plugins.Baedrick.ColoredHeaderCreator.csproj" />
  <Project Path="VTabs.csproj" />
  <Project Path="Sirenix.OdinInspector.Modules.UnityMathematics.csproj" />
  <Project Path="Unity.RenderPipelines.HighDefinition.Samples.Common.Editor.csproj" />
</Solution>
